Microsoft Visual Studio Solution File, Format Version 12.00
# Visual Studio Version 17
VisualStudioVersion = 17.5.2.0
MinimumVisualStudioVersion = 10.0.40219.1
Project("{FAE04EC0-301F-11D3-BF4B-00C04F79EFBC}") = "MyChat", "MyChat.csproj", "{20F66269-3A85-7EA2-AAFE-B39BA548B7F4}"
EndProject
Global
	GlobalSection(SolutionConfigurationPlatforms) = preSolution
		Debug|Any CPU = Debug|Any CPU
		Release|Any CPU = Release|Any CPU
	EndGlobalSection
	GlobalSection(ProjectConfigurationPlatforms) = postSolution
		{20F66269-3A85-7EA2-AAFE-B39BA548B7F4}.Debug|Any CPU.ActiveCfg = Debug|Any CPU
		{20F66269-3A85-7EA2-AAFE-B39BA548B7F4}.Debug|Any CPU.Build.0 = Debug|Any CPU
		{20F66269-3A85-7EA2-AAFE-B39BA548B7F4}.Release|Any CPU.ActiveCfg = Release|Any CPU
		{20F66269-3A85-7EA2-AAFE-B39BA548B7F4}.Release|Any CPU.Build.0 = Release|Any CPU
	EndGlobalSection
	GlobalSection(SolutionProperties) = preSolution
		HideSolutionNode = FALSE
	EndGlobalSection
	GlobalSection(NestedProjects) = preSolution
		{20F66269-3A85-7EA2-AAFE-B39BA548B7F4} = {1AE8ACA6-933B-BF2A-3671-3E2EAC007D16}
	EndGlobalSection
	GlobalSection(ExtensibilityGlobals) = postSolution
		SolutionGuid = {374F9454-E026-454F-B9C5-B97EBC605734}
	EndGlobalSection
EndGlobal
